
Microsoft Visual Studio Solution File, Format Version 12.00
# Visual Studio Version 17
VisualStudioVersion = 17.0.32014.148
MinimumVisualStudioVersion = 10.0.40219.1
Project("{9A19103F-16F7-4668-BE54-9A1E7A4F7556}") = "MyStego", "MyStego.csproj", "{5823E394-136D-471D-87BE-DC1FACBE9E60}"
EndProject
Global
	GlobalSection(SolutionConfigurationPlatforms) = preSolution
		Debug|Any CPU = Debug|Any CPU
		Release|Any CPU = Release|Any CPU
	EndGlobalSection
	GlobalSection(ProjectConfigurationPlatforms) = postSolution
		{5823E394-136D-471D-87BE-DC1FACBE9E60}.Debug|Any CPU.ActiveCfg = Debug|Any CPU
		{5823E394-136D-471D-87BE-DC1FACBE9E60}.Debug|Any CPU.Build.0 = Debug|Any CPU
		{5823E394-136D-471D-87BE-DC1FACBE9E60}.Release|Any CPU.ActiveCfg = Release|Any CPU
		{5823E394-136D-471D-87BE-DC1FACBE9E60}.Release|Any CPU.Build.0 = Release|Any CPU
	EndGlobalSection
	GlobalSection(SolutionProperties) = preSolution
		HideSolutionNode = FALSE
	EndGlobalSection
	GlobalSection(ExtensibilityGlobals) = postSolution
		SolutionGuid = {1FA7731F-AE93-433D-9370-1A6A5FE94A86}
	EndGlobalSection
EndGlobal
